
Microsoft Visual Studio Solution File, Format Version 12.00
# Visual Studio Version 17
VisualStudioVersion = 17.4.33205.214
MinimumVisualStudioVersion = 10.0.40219.1
Project("{2150E333-8FDC-42A3-9474-1A3956D46DE8}") = "Backend", "Backend", "{B5BDB38E-BEFD-4637-AE22-F72365DF0BAA}"
EndProject
Project("{2150E333-8FDC-42A3-9474-1A3956D46DE8}") = "Gateways", "Gateways", "{CA05B654-5732-468A-B0D4-A5052C905D83}"
EndProject
Project("{2150E333-8FDC-42A3-9474-1A3956D46DE8}") = "WebAPI", "WebAPI", "{D2AC1FA3-5626-4818-A7CB-1FDD619B8E85}"
EndProject
Project("{9A19103F-16F7-4668-BE54-9A1E7A4F7556}") = "App", "Backend\Gateways\WebAPI\App\App.csproj", "{84B3AACE-A4E1-4CAE-B4F3-8C1B52C84B6F}"
EndProject
Project("{2150E333-8FDC-42A3-9474-1A3956D46DE8}") = "Services", "Services", "{895ABB47-FD3F-425C-90D7-85907DC9072A}"
EndProject
Project("{2150E333-8FDC-42A3-9474-1A3956D46DE8}") = "Catalog", "Catalog", "{35986EA4-0855-4631-9D85-C393F84DFF97}"
EndProject
Project("{9A19103F-16F7-4668-BE54-9A1E7A4F7556}") = "App", "Backend\Services\Catalog\App\App.csproj", "{6144C0A8-A3BB-4C6C-A09F-45195952C60B}"
EndProject
Project("{9A19103F-16F7-4668-BE54-9A1E7A4F7556}") = "Data.Sql", "Backend\Services\Catalog\Data.Sql\Data.Sql.csproj", "{AEBB94EE-5805-446F-A4DE-B2C5F7133A17}"
EndProject
Project("{9A19103F-16F7-4668-BE54-9A1E7A4F7556}") = "Data.Sql.Clients.PostgreSql", "Backend\Services\Catalog\Data.Sql.Clients.PostgreSql\Data.Sql.Clients.PostgreSql.csproj", "{B106B4D0-FC6B-49B0-9578-B7FAC01FDB10}"
EndProject
Project("{9A19103F-16F7-4668-BE54-9A1E7A4F7556}") = "Data.Sql.Mappers.EF", "Backend\Services\Catalog\Data.Sql.Mappers.EF\Data.Sql.Mappers.EF.csproj", "{AAB22B5F-FECE-430B-AC45-AA130DBD4F37}"
EndProject
Project("{9A19103F-16F7-4668-BE54-9A1E7A4F7556}") = "Data.Sql.Mappers.EF.Clients.PostgreSql", "Backend\Services\Catalog\Data.Sql.Mappers.EF.Clients.PostgreSql\Data.Sql.Mappers.EF.Clients.PostgreSql.csproj", "{AEB97067-BC11-40BB-92E0-931603F59AC1}"
EndProject
Project("{9A19103F-16F7-4668-BE54-9A1E7A4F7556}") = "Domain", "Backend\Services\Catalog\Domain\Domain.csproj", "{6B6CE05D-4932-4A04-A98F-61B4AAA0F579}"
EndProject
Project("{2150E333-8FDC-42A3-9474-1A3956D46DE8}") = "FileStorage", "FileStorage", "{842C80FA-0E8D-4134-97B9-F3EB0630BAED}"
EndProject
Project("{9A19103F-16F7-4668-BE54-9A1E7A4F7556}") = "App", "Backend\Services\FileStorage\App\App.csproj", "{84A509CE-E58F-498E-90C5-8ECB0284D3B0}"
EndProject
Project("{9A19103F-16F7-4668-BE54-9A1E7A4F7556}") = "Data.Sql", "Backend\Services\FileStorage\Data.Sql\Data.Sql.csproj", "{DB6CA1A4-D57C-441E-B051-B0C7FA460105}"
EndProject
Project("{9A19103F-16F7-4668-BE54-9A1E7A4F7556}") = "Data.Sql.Clients.PostgreSql", "Backend\Services\FileStorage\Data.Sql.Clients.PostgreSql\Data.Sql.Clients.PostgreSql.csproj", "{57AED7A7-3026-4589-A9EB-4A460FEEE0E5}"
EndProject
Project("{9A19103F-16F7-4668-BE54-9A1E7A4F7556}") = "Data.Sql.Mappers.EF", "Backend\Services\FileStorage\Data.Sql.Mappers.EF\Data.Sql.Mappers.EF.csproj", "{3691C6E4-F1D1-4EFC-A9E1-12113F8FE876}"
EndProject
Project("{9A19103F-16F7-4668-BE54-9A1E7A4F7556}") = "Data.Sql.Mappers.EF.Clients.PostgreSql", "Backend\Services\FileStorage\Data.Sql.Mappers.EF.Clients.PostgreSql\Data.Sql.Mappers.EF.Clients.PostgreSql.csproj", "{762238BB-EFDB-43F4-8835-A22CE0653C85}"
EndProject
Project("{9A19103F-16F7-4668-BE54-9A1E7A4F7556}") = "Domain", "Backend\Services\FileStorage\Domain\Domain.csproj", "{7664F2CE-648B-4C32-9860-EB9825DA4804}"
EndProject
Project("{2150E333-8FDC-42A3-9474-1A3956D46DE8}") = "Frontend", "Frontend", "{5AD77F9E-DC92-409E-BA3D-C351BCC200D1}"
EndProject
Project("{2150E333-8FDC-42A3-9474-1A3956D46DE8}") = "React", "React", "{79F79D9D-4FD2-408B-9A3A-0F96B5736F71}"
EndProject
Project("{2150E333-8FDC-42A3-9474-1A3956D46DE8}") = "TypeScript", "TypeScript", "{18160FCB-8DC6-4BE5-8513-6580FDEC58B7}"
EndProject
Project("{54A90642-561A-4BB1-A94E-469ADEE60C69}") = "App", "Frontend\React\TypeScript\App\App.esproj", "{0F49B386-DBC9-41F4-AEF7-1E312A3F4CFD}"
EndProject
Project("{E53339B2-1760-4266-BCC7-CA923CBCF16C}") = "docker-compose", "docker-compose.dcproj", "{31BE72FC-2B1A-49D7-90C5-FA1918A0915C}"
EndProject
Project("{2150E333-8FDC-42A3-9474-1A3956D46DE8}") = "Solution Items", "Solution Items", "{2C92B2D8-BA26-46F7-AF3E-6627E8DB8F74}"
	ProjectSection(SolutionItems) = preProject
		.editorconfig = .editorconfig
		.gitignore = .gitignore
	EndProjectSection
EndProject
Global
	GlobalSection(SolutionConfigurationPlatforms) = preSolution
		Debug|Any CPU = Debug|Any CPU
		Release|Any CPU = Release|Any CPU
	EndGlobalSection
	GlobalSection(ProjectConfigurationPlatforms) = postSolution
		{84B3AACE-A4E1-4CAE-B4F3-8C1B52C84B6F}.Debug|Any CPU.ActiveCfg = Debug|Any CPU
		{84B3AACE-A4E1-4CAE-B4F3-8C1B52C84B6F}.Debug|Any CPU.Build.0 = Debug|Any CPU
		{84B3AACE-A4E1-4CAE-B4F3-8C1B52C84B6F}.Release|Any CPU.ActiveCfg = Release|Any CPU
		{84B3AACE-A4E1-4CAE-B4F3-8C1B52C84B6F}.Release|Any CPU.Build.0 = Release|Any CPU
		{6144C0A8-A3BB-4C6C-A09F-45195952C60B}.Debug|Any CPU.ActiveCfg = Debug|Any CPU
		{6144C0A8-A3BB-4C6C-A09F-45195952C60B}.Debug|Any CPU.Build.0 = Debug|Any CPU
		{6144C0A8-A3BB-4C6C-A09F-45195952C60B}.Release|Any CPU.ActiveCfg = Release|Any CPU
		{6144C0A8-A3BB-4C6C-A09F-45195952C60B}.Release|Any CPU.Build.0 = Release|Any CPU
		{AEBB94EE-5805-446F-A4DE-B2C5F7133A17}.Debug|Any CPU.ActiveCfg = Debug|Any CPU
		{AEBB94EE-5805-446F-A4DE-B2C5F7133A17}.Debug|Any CPU.Build.0 = Debug|Any CPU
		{AEBB94EE-5805-446F-A4DE-B2C5F7133A17}.Release|Any CPU.ActiveCfg = Release|Any CPU
		{AEBB94EE-5805-446F-A4DE-B2C5F7133A17}.Release|Any CPU.Build.0 = Release|Any CPU
		{B106B4D0-FC6B-49B0-9578-B7FAC01FDB10}.Debug|Any CPU.ActiveCfg = Debug|Any CPU
		{B106B4D0-FC6B-49B0-9578-B7FAC01FDB10}.Debug|Any CPU.Build.0 = Debug|Any CPU
		{B106B4D0-FC6B-49B0-9578-B7FAC01FDB10}.Release|Any CPU.ActiveCfg = Release|Any CPU
		{B106B4D0-FC6B-49B0-9578-B7FAC01FDB10}.Release|Any CPU.Build.0 = Release|Any CPU
		{AAB22B5F-FECE-430B-AC45-AA130DBD4F37}.Debug|Any CPU.ActiveCfg = Debug|Any CPU
		{AAB22B5F-FECE-430B-AC45-AA130DBD4F37}.Debug|Any CPU.Build.0 = Debug|Any CPU
		{AAB22B5F-FECE-430B-AC45-AA130DBD4F37}.Release|Any CPU.ActiveCfg = Release|Any CPU
		{AAB22B5F-FECE-430B-AC45-AA130DBD4F37}.Release|Any CPU.Build.0 = Release|Any CPU
		{AEB97067-BC11-40BB-92E0-931603F59AC1}.Debug|Any CPU.ActiveCfg = Debug|Any CPU
		{AEB97067-BC11-40BB-92E0-931603F59AC1}.Debug|Any CPU.Build.0 = Debug|Any CPU
		{AEB97067-BC11-40BB-92E0-931603F59AC1}.Release|Any CPU.ActiveCfg = Release|Any CPU
		{AEB97067-BC11-40BB-92E0-931603F59AC1}.Release|Any CPU.Build.0 = Release|Any CPU
		{6B6CE05D-4932-4A04-A98F-61B4AAA0F579}.Debug|Any CPU.ActiveCfg = Debug|Any CPU
		{6B6CE05D-4932-4A04-A98F-61B4AAA0F579}.Debug|Any CPU.Build.0 = Debug|Any CPU
		{6B6CE05D-4932-4A04-A98F-61B4AAA0F579}.Release|Any CPU.ActiveCfg = Release|Any CPU
		{6B6CE05D-4932-4A04-A98F-61B4AAA0F579}.Release|Any CPU.Build.0 = Release|Any CPU
		{84A509CE-E58F-498E-90C5-8ECB0284D3B0}.Debug|Any CPU.ActiveCfg = Debug|Any CPU
		{84A509CE-E58F-498E-90C5-8ECB0284D3B0}.Debug|Any CPU.Build.0 = Debug|Any CPU
		{84A509CE-E58F-498E-90C5-8ECB0284D3B0}.Release|Any CPU.ActiveCfg = Release|Any CPU
		{84A509CE-E58F-498E-90C5-8ECB0284D3B0}.Release|Any CPU.Build.0 = Release|Any CPU
		{DB6CA1A4-D57C-441E-B051-B0C7FA460105}.Debug|Any CPU.ActiveCfg = Debug|Any CPU
		{DB6CA1A4-D57C-441E-B051-B0C7FA460105}.Debug|Any CPU.Build.0 = Debug|Any CPU
		{DB6CA1A4-D57C-441E-B051-B0C7FA460105}.Release|Any CPU.ActiveCfg = Release|Any CPU
		{DB6CA1A4-D57C-441E-B051-B0C7FA460105}.Release|Any CPU.Build.0 = Release|Any CPU
		{57AED7A7-3026-4589-A9EB-4A460FEEE0E5}.Debug|Any CPU.ActiveCfg = Debug|Any CPU
		{57AED7A7-3026-4589-A9EB-4A460FEEE0E5}.Debug|Any CPU.Build.0 = Debug|Any CPU
		{57AED7A7-3026-4589-A9EB-4A460FEEE0E5}.Release|Any CPU.ActiveCfg = Release|Any CPU
		{57AED7A7-3026-4589-A9EB-4A460FEEE0E5}.Release|Any CPU.Build.0 = Release|Any CPU
		{3691C6E4-F1D1-4EFC-A9E1-12113F8FE876}.Debug|Any CPU.ActiveCfg = Debug|Any CPU
		{3691C6E4-F1D1-4EFC-A9E1-12113F8FE876}.Debug|Any CPU.Build.0 = Debug|Any CPU
		{3691C6E4-F1D1-4EFC-A9E1-12113F8FE876}.Release|Any CPU.ActiveCfg = Release|Any CPU
		{3691C6E4-F1D1-4EFC-A9E1-12113F8FE876}.Release|Any CPU.Build.0 = Release|Any CPU
		{762238BB-EFDB-43F4-8835-A22CE0653C85}.Debug|Any CPU.ActiveCfg = Debug|Any CPU
		{762238BB-EFDB-43F4-8835-A22CE0653C85}.Debug|Any CPU.Build.0 = Debug|Any CPU
		{762238BB-EFDB-43F4-8835-A22CE0653C85}.Release|Any CPU.ActiveCfg = Release|Any CPU
		{762238BB-EFDB-43F4-8835-A22CE0653C85}.Release|Any CPU.Build.0 = Release|Any CPU
		{7664F2CE-648B-4C32-9860-EB9825DA4804}.Debug|Any CPU.ActiveCfg = Debug|Any CPU
		{7664F2CE-648B-4C32-9860-EB9825DA4804}.Debug|Any CPU.Build.0 = Debug|Any CPU
		{7664F2CE-648B-4C32-9860-EB9825DA4804}.Release|Any CPU.ActiveCfg = Release|Any CPU
		{7664F2CE-648B-4C32-9860-EB9825DA4804}.Release|Any CPU.Build.0 = Release|Any CPU
		{0F49B386-DBC9-41F4-AEF7-1E312A3F4CFD}.Debug|Any CPU.ActiveCfg = Debug|Any CPU
		{0F49B386-DBC9-41F4-AEF7-1E312A3F4CFD}.Debug|Any CPU.Build.0 = Debug|Any CPU
		{0F49B386-DBC9-41F4-AEF7-1E312A3F4CFD}.Debug|Any CPU.Deploy.0 = Debug|Any CPU
		{0F49B386-DBC9-41F4-AEF7-1E312A3F4CFD}.Release|Any CPU.ActiveCfg = Release|Any CPU
		{0F49B386-DBC9-41F4-AEF7-1E312A3F4CFD}.Release|Any CPU.Build.0 = Release|Any CPU
		{0F49B386-DBC9-41F4-AEF7-1E312A3F4CFD}.Release|Any CPU.Deploy.0 = Release|Any CPU
		{31BE72FC-2B1A-49D7-90C5-FA1918A0915C}.Debug|Any CPU.ActiveCfg = Debug|Any CPU
		{31BE72FC-2B1A-49D7-90C5-FA1918A0915C}.Debug|Any CPU.Build.0 = Debug|Any CPU
		{31BE72FC-2B1A-49D7-90C5-FA1918A0915C}.Release|Any CPU.ActiveCfg = Release|Any CPU
		{31BE72FC-2B1A-49D7-90C5-FA1918A0915C}.Release|Any CPU.Build.0 = Release|Any CPU
	EndGlobalSection
	GlobalSection(SolutionProperties) = preSolution
		HideSolutionNode = FALSE
	EndGlobalSection
	GlobalSection(NestedProjects) = preSolution
		{CA05B654-5732-468A-B0D4-A5052C905D83} = {B5BDB38E-BEFD-4637-AE22-F72365DF0BAA}
		{D2AC1FA3-5626-4818-A7CB-1FDD619B8E85} = {CA05B654-5732-468A-B0D4-A5052C905D83}
		{84B3AACE-A4E1-4CAE-B4F3-8C1B52C84B6F} = {D2AC1FA3-5626-4818-A7CB-1FDD619B8E85}
		{895ABB47-FD3F-425C-90D7-85907DC9072A} = {B5BDB38E-BEFD-4637-AE22-F72365DF0BAA}
		{35986EA4-0855-4631-9D85-C393F84DFF97} = {895ABB47-FD3F-425C-90D7-85907DC9072A}
		{6144C0A8-A3BB-4C6C-A09F-45195952C60B} = {35986EA4-0855-4631-9D85-C393F84DFF97}
		{AEBB94EE-5805-446F-A4DE-B2C5F7133A17} = {35986EA4-0855-4631-9D85-C393F84DFF97}
		{B106B4D0-FC6B-49B0-9578-B7FAC01FDB10} = {35986EA4-0855-4631-9D85-C393F84DFF97}
		{AAB22B5F-FECE-430B-AC45-AA130DBD4F37} = {35986EA4-0855-4631-9D85-C393F84DFF97}
		{AEB97067-BC11-40BB-92E0-931603F59AC1} = {35986EA4-0855-4631-9D85-C393F84DFF97}
		{6B6CE05D-4932-4A04-A98F-61B4AAA0F579} = {35986EA4-0855-4631-9D85-C393F84DFF97}
		{842C80FA-0E8D-4134-97B9-F3EB0630BAED} = {895ABB47-FD3F-425C-90D7-85907DC9072A}
		{84A509CE-E58F-498E-90C5-8ECB0284D3B0} = {842C80FA-0E8D-4134-97B9-F3EB0630BAED}
		{DB6CA1A4-D57C-441E-B051-B0C7FA460105} = {842C80FA-0E8D-4134-97B9-F3EB0630BAED}
		{57AED7A7-3026-4589-A9EB-4A460FEEE0E5} = {842C80FA-0E8D-4134-97B9-F3EB0630BAED}
		{3691C6E4-F1D1-4EFC-A9E1-12113F8FE876} = {842C80FA-0E8D-4134-97B9-F3EB0630BAED}
		{762238BB-EFDB-43F4-8835-A22CE0653C85} = {842C80FA-0E8D-4134-97B9-F3EB0630BAED}
		{7664F2CE-648B-4C32-9860-EB9825DA4804} = {842C80FA-0E8D-4134-97B9-F3EB0630BAED}
		{79F79D9D-4FD2-408B-9A3A-0F96B5736F71} = {5AD77F9E-DC92-409E-BA3D-C351BCC200D1}
		{18160FCB-8DC6-4BE5-8513-6580FDEC58B7} = {79F79D9D-4FD2-408B-9A3A-0F96B5736F71}
		{0F49B386-DBC9-41F4-AEF7-1E312A3F4CFD} = {18160FCB-8DC6-4BE5-8513-6580FDEC58B7}
	EndGlobalSection
	GlobalSection(ExtensibilityGlobals) = postSolution
		SolutionGuid = {6A4F79BA-1D89-4330-8078-EE5A5ED67BE1}
	EndGlobalSection
EndGlobal
