
Microsoft Visual Studio Solution File, Format Version 12.00
# Visual Studio Version 17
VisualStudioVersion = 17.4.33205.214
MinimumVisualStudioVersion = 10.0.40219.1
Project("{2150E333-8FDC-42A3-9474-1A3956D46DE8}") = "Backend", "Backend", "{B5BDB38E-BEFD-4637-AE22-F72365DF0BAA}"
EndProject
Project("{2150E333-8FDC-42A3-9474-1A3956D46DE8}") = "Gateways", "Gateways", "{CA05B654-5732-468A-B0D4-A5052C905D83}"
EndProject
Project("{2150E333-8FDC-42A3-9474-1A3956D46DE8}") = "WebAPI", "WebAPI", "{D2AC1FA3-5626-4818-A7CB-1FDD619B8E85}"
EndProject
Project("{9A19103F-16F7-4668-BE54-9A1E7A4F7556}") = "Backend.Gateways.WebAPI.App", "Backend\Gateways\WebAPI\App\Backend.Gateways.WebAPI.App.csproj", "{84B3AACE-A4E1-4CAE-B4F3-8C1B52C84B6F}"
EndProject
Project("{9A19103F-16F7-4668-BE54-9A1E7A4F7556}") = "Backend.Gateways.WebAPI.Domain", "Backend\Gateways\WebAPI\Domain\Backend.Gateways.WebAPI.Domain.csproj", "{388DF272-4364-4ECB-B2B8-423E0FCAFCBA}"
EndProject
Project("{9A19103F-16F7-4668-BE54-9A1E7A4F7556}") = "Backend.Gateways.WebAPI.Domains.CatalogArticle", "Backend\Gateways\WebAPI\Domains.CatalogArticle\Backend.Gateways.WebAPI.Domains.CatalogArticle.csproj", "{5B37A57C-A6FD-48E9-93B3-5F546EB6B004}"
EndProject
Project("{9A19103F-16F7-4668-BE54-9A1E7A4F7556}") = "Backend.Gateways.WebAPI.Domains.CatalogTopic", "Backend\Gateways\WebAPI\Domains.CatalogTopic\Backend.Gateways.WebAPI.Domains.CatalogTopic.csproj", "{3BB8D1EB-BB32-4F9B-BC10-82D7F2F1D26C}"
EndProject
Project("{2150E333-8FDC-42A3-9474-1A3956D46DE8}") = "Services", "Services", "{895ABB47-FD3F-425C-90D7-85907DC9072A}"
EndProject
Project("{2150E333-8FDC-42A3-9474-1A3956D46DE8}") = "Catalog", "Catalog", "{35986EA4-0855-4631-9D85-C393F84DFF97}"
EndProject
Project("{9A19103F-16F7-4668-BE54-9A1E7A4F7556}") = "Backend.Services.Catalog.App", "Backend\Services\Catalog\App\Backend.Services.Catalog.App.csproj", "{6144C0A8-A3BB-4C6C-A09F-45195952C60B}"
EndProject
Project("{9A19103F-16F7-4668-BE54-9A1E7A4F7556}") = "Backend.Services.Catalog.Data.SQL", "Backend\Services\Catalog\Data.SQL\Backend.Services.Catalog.Data.SQL.csproj", "{6E9FDDDE-25FF-48CB-B96F-9315008BC078}"
EndProject
Project("{9A19103F-16F7-4668-BE54-9A1E7A4F7556}") = "Backend.Services.Catalog.Data.SQL.Clients.PostgreSQL", "Backend\Services\Catalog\Data.SQL.Clients.PostgreSQL\Backend.Services.Catalog.Data.SQL.Clients.PostgreSQL.csproj", "{9DAC2F8B-DE1C-4783-8B33-CDF5156A7EC0}"
EndProject
Project("{9A19103F-16F7-4668-BE54-9A1E7A4F7556}") = "Backend.Services.Catalog.Data.SQL.Mappers.EF", "Backend\Services\Catalog\Data.SQL.Mappers.EF\Backend.Services.Catalog.Data.SQL.Mappers.EF.csproj", "{0087B321-3668-4081-A037-F5207E713BD3}"
EndProject
Project("{9A19103F-16F7-4668-BE54-9A1E7A4F7556}") = "Backend.Services.Catalog.Data.SQL.Mappers.EF.Clients.PostgreSQL", "Backend\Services\Catalog\Data.SQL.Mappers.EF.Clients.PostgreSQL\Backend.Services.Catalog.Data.SQL.Mappers.EF.Clients.PostgreSQL.csproj", "{95252A05-117F-45E8-A205-D8A76F334074}"
EndProject
Project("{9A19103F-16F7-4668-BE54-9A1E7A4F7556}") = "Backend.Services.Catalog.Domain.SQL", "Backend\Services\Catalog\Domain.SQL\Backend.Services.Catalog.Domain.SQL.csproj", "{B064C880-A181-43C0-A822-B6860150A243}"
EndProject
Project("{9A19103F-16F7-4668-BE54-9A1E7A4F7556}") = "Backend.Services.Catalog.Domains.Article", "Backend\Services\Catalog\Domains.Article\Backend.Services.Catalog.Domains.Article.csproj", "{AD31E431-3EFC-45E4-90C9-36CEF440EACE}"
EndProject
Project("{9A19103F-16F7-4668-BE54-9A1E7A4F7556}") = "Backend.Services.Catalog.Domains.Topic", "Backend\Services\Catalog\Domains.Topic\Backend.Services.Catalog.Domains.Topic.csproj", "{4163700B-37BE-4639-A32D-609B3069BE82}"
EndProject
Project("{2150E333-8FDC-42A3-9474-1A3956D46DE8}") = "FileStorage", "FileStorage", "{842C80FA-0E8D-4134-97B9-F3EB0630BAED}"
EndProject
Project("{9A19103F-16F7-4668-BE54-9A1E7A4F7556}") = "Backend.Services.FileStorage.App", "Backend\Services\FileStorage\App\Backend.Services.FileStorage.App.csproj", "{84A509CE-E58F-498E-90C5-8ECB0284D3B0}"
EndProject
Project("{9A19103F-16F7-4668-BE54-9A1E7A4F7556}") = "Backend.Services.FileStorage.Data.SQL", "Backend\Services\FileStorage\Data.SQL\Backend.Services.FileStorage.Data.SQL.csproj", "{DB6CA1A4-D57C-441E-B051-B0C7FA460105}"
EndProject
Project("{9A19103F-16F7-4668-BE54-9A1E7A4F7556}") = "Backend.Services.FileStorage.Data.SQL.Clients.PostgreSQL", "Backend\Services\FileStorage\Data.SQL.Clients.PostgreSQL\Backend.Services.FileStorage.Data.SQL.Clients.PostgreSQL.csproj", "{57AED7A7-3026-4589-A9EB-4A460FEEE0E5}"
EndProject
Project("{9A19103F-16F7-4668-BE54-9A1E7A4F7556}") = "Backend.Services.FileStorage.Data.SQL.Mappers.EF", "Backend\Services\FileStorage\Data.SQL.Mappers.EF\Backend.Services.FileStorage.Data.SQL.Mappers.EF.csproj", "{3691C6E4-F1D1-4EFC-A9E1-12113F8FE876}"
EndProject
Project("{9A19103F-16F7-4668-BE54-9A1E7A4F7556}") = "Backend.Services.FileStorage.Data.SQL.Mappers.EF.Clients.PostgreSQL", "Backend\Services\FileStorage\Data.SQL.Mappers.EF.Clients.PostgreSQL\Backend.Services.FileStorage.Data.SQL.Mappers.EF.Clients.PostgreSQL.csproj", "{762238BB-EFDB-43F4-8835-A22CE0653C85}"
EndProject
Project("{9A19103F-16F7-4668-BE54-9A1E7A4F7556}") = "Backend.Services.FileStorage.Domain.SQL", "Backend\Services\FileStorage\Domain.SQL\Backend.Services.FileStorage.Domain.SQL.csproj", "{7664F2CE-648B-4C32-9860-EB9825DA4804}"
EndProject
Project("{9A19103F-16F7-4668-BE54-9A1E7A4F7556}") = "Backend.Services.FileStorage.Domains.Article", "Backend\Services\FileStorage\Domains.Article\Backend.Services.FileStorage.Domains.Article.csproj", "{8467484B-DC2B-4FEC-8AB6-10F0C418D1F2}"
EndProject
Project("{9A19103F-16F7-4668-BE54-9A1E7A4F7556}") = "Backend.Services.FileStorage.Domains.Topic", "Backend\Services\FileStorage\Domains.Topic\Backend.Services.FileStorage.Domains.Topic.csproj", "{7AFAD84C-ED4B-43D7-AC32-92859DBC576A}"
EndProject
Project("{2150E333-8FDC-42A3-9474-1A3956D46DE8}") = "Frontend", "Frontend", "{5AD77F9E-DC92-409E-BA3D-C351BCC200D1}"
EndProject
Project("{2150E333-8FDC-42A3-9474-1A3956D46DE8}") = "React", "React", "{79F79D9D-4FD2-408B-9A3A-0F96B5736F71}"
EndProject
Project("{2150E333-8FDC-42A3-9474-1A3956D46DE8}") = "TypeScript", "TypeScript", "{18160FCB-8DC6-4BE5-8513-6580FDEC58B7}"
EndProject
Project("{54A90642-561A-4BB1-A94E-469ADEE60C69}") = "Frontend.React.TypeScript.App", "Frontend\React\TypeScript\App\Frontend.React.TypeScript.App.esproj", "{0F49B386-DBC9-41F4-AEF7-1E312A3F4CFD}"
EndProject
Project("{2150E333-8FDC-42A3-9474-1A3956D46DE8}") = "Grpc", "Grpc", "{5B51AB97-AF36-4197-B135-F388EB5BFD3F}"
EndProject
Project("{2150E333-8FDC-42A3-9474-1A3956D46DE8}") = "Backend", "Backend", "{970FEF29-95AB-4D42-9BE5-718D6C644F5E}"
EndProject
Project("{2150E333-8FDC-42A3-9474-1A3956D46DE8}") = "Services", "Services", "{F4554C8A-37D1-466B-B464-FC5496B5E517}"
EndProject
Project("{2150E333-8FDC-42A3-9474-1A3956D46DE8}") = "Catalog", "Catalog", "{A827BD10-956E-4C58-B175-B32ED85774CE}"
	ProjectSection(SolutionItems) = preProject
		Grpc\Backend\Services\Catalog\backend_service_catalog.proto = Grpc\Backend\Services\Catalog\backend_service_catalog.proto
		Grpc\Backend\Services\Catalog\backend_service_catalog_article.proto = Grpc\Backend\Services\Catalog\backend_service_catalog_article.proto
		Grpc\Backend\Services\Catalog\backend_service_catalog_topic.proto = Grpc\Backend\Services\Catalog\backend_service_catalog_topic.proto
	EndProjectSection
EndProject
Project("{2150E333-8FDC-42A3-9474-1A3956D46DE8}") = "FileStorage", "FileStorage", "{FE51B006-BD2D-4A10-B5D8-F5F07F42CE27}"
	ProjectSection(SolutionItems) = preProject
		Grpc\Backend\Services\FileStorage\backend_service_filestorage.proto = Grpc\Backend\Services\FileStorage\backend_service_filestorage.proto
		Grpc\Backend\Services\FileStorage\backend_service_filestorage_article.proto = Grpc\Backend\Services\FileStorage\backend_service_filestorage_article.proto
		Grpc\Backend\Services\FileStorage\backend_service_filestorage_topic.proto = Grpc\Backend\Services\FileStorage\backend_service_filestorage_topic.proto
	EndProjectSection
EndProject
Project("{2150E333-8FDC-42A3-9474-1A3956D46DE8}") = "Solution Items", "Solution Items", "{2C92B2D8-BA26-46F7-AF3E-6627E8DB8F74}"
	ProjectSection(SolutionItems) = preProject
		.editorconfig = .editorconfig
		.gitignore = .gitignore
	EndProjectSection
EndProject
Project("{E53339B2-1760-4266-BCC7-CA923CBCF16C}") = "docker-compose", "docker-compose.dcproj", "{3D5A462E-93B3-47A3-A524-48468A0A25DE}"
EndProject
Global
	GlobalSection(SolutionConfigurationPlatforms) = preSolution
		Debug|Any CPU = Debug|Any CPU
		Release|Any CPU = Release|Any CPU
	EndGlobalSection
	GlobalSection(ProjectConfigurationPlatforms) = postSolution
		{84B3AACE-A4E1-4CAE-B4F3-8C1B52C84B6F}.Debug|Any CPU.ActiveCfg = Debug|Any CPU
		{84B3AACE-A4E1-4CAE-B4F3-8C1B52C84B6F}.Debug|Any CPU.Build.0 = Debug|Any CPU
		{84B3AACE-A4E1-4CAE-B4F3-8C1B52C84B6F}.Release|Any CPU.ActiveCfg = Release|Any CPU
		{84B3AACE-A4E1-4CAE-B4F3-8C1B52C84B6F}.Release|Any CPU.Build.0 = Release|Any CPU
		{388DF272-4364-4ECB-B2B8-423E0FCAFCBA}.Debug|Any CPU.ActiveCfg = Debug|Any CPU
		{388DF272-4364-4ECB-B2B8-423E0FCAFCBA}.Debug|Any CPU.Build.0 = Debug|Any CPU
		{388DF272-4364-4ECB-B2B8-423E0FCAFCBA}.Release|Any CPU.ActiveCfg = Release|Any CPU
		{388DF272-4364-4ECB-B2B8-423E0FCAFCBA}.Release|Any CPU.Build.0 = Release|Any CPU
		{5B37A57C-A6FD-48E9-93B3-5F546EB6B004}.Debug|Any CPU.ActiveCfg = Debug|Any CPU
		{5B37A57C-A6FD-48E9-93B3-5F546EB6B004}.Debug|Any CPU.Build.0 = Debug|Any CPU
		{5B37A57C-A6FD-48E9-93B3-5F546EB6B004}.Release|Any CPU.ActiveCfg = Release|Any CPU
		{5B37A57C-A6FD-48E9-93B3-5F546EB6B004}.Release|Any CPU.Build.0 = Release|Any CPU
		{3BB8D1EB-BB32-4F9B-BC10-82D7F2F1D26C}.Debug|Any CPU.ActiveCfg = Debug|Any CPU
		{3BB8D1EB-BB32-4F9B-BC10-82D7F2F1D26C}.Debug|Any CPU.Build.0 = Debug|Any CPU
		{3BB8D1EB-BB32-4F9B-BC10-82D7F2F1D26C}.Release|Any CPU.ActiveCfg = Release|Any CPU
		{3BB8D1EB-BB32-4F9B-BC10-82D7F2F1D26C}.Release|Any CPU.Build.0 = Release|Any CPU
		{6144C0A8-A3BB-4C6C-A09F-45195952C60B}.Debug|Any CPU.ActiveCfg = Debug|Any CPU
		{6144C0A8-A3BB-4C6C-A09F-45195952C60B}.Debug|Any CPU.Build.0 = Debug|Any CPU
		{6144C0A8-A3BB-4C6C-A09F-45195952C60B}.Release|Any CPU.ActiveCfg = Release|Any CPU
		{6144C0A8-A3BB-4C6C-A09F-45195952C60B}.Release|Any CPU.Build.0 = Release|Any CPU
		{6E9FDDDE-25FF-48CB-B96F-9315008BC078}.Debug|Any CPU.ActiveCfg = Debug|Any CPU
		{6E9FDDDE-25FF-48CB-B96F-9315008BC078}.Debug|Any CPU.Build.0 = Debug|Any CPU
		{6E9FDDDE-25FF-48CB-B96F-9315008BC078}.Release|Any CPU.ActiveCfg = Release|Any CPU
		{6E9FDDDE-25FF-48CB-B96F-9315008BC078}.Release|Any CPU.Build.0 = Release|Any CPU
		{9DAC2F8B-DE1C-4783-8B33-CDF5156A7EC0}.Debug|Any CPU.ActiveCfg = Debug|Any CPU
		{9DAC2F8B-DE1C-4783-8B33-CDF5156A7EC0}.Debug|Any CPU.Build.0 = Debug|Any CPU
		{9DAC2F8B-DE1C-4783-8B33-CDF5156A7EC0}.Release|Any CPU.ActiveCfg = Release|Any CPU
		{9DAC2F8B-DE1C-4783-8B33-CDF5156A7EC0}.Release|Any CPU.Build.0 = Release|Any CPU
		{0087B321-3668-4081-A037-F5207E713BD3}.Debug|Any CPU.ActiveCfg = Debug|Any CPU
		{0087B321-3668-4081-A037-F5207E713BD3}.Debug|Any CPU.Build.0 = Debug|Any CPU
		{0087B321-3668-4081-A037-F5207E713BD3}.Release|Any CPU.ActiveCfg = Release|Any CPU
		{0087B321-3668-4081-A037-F5207E713BD3}.Release|Any CPU.Build.0 = Release|Any CPU
		{95252A05-117F-45E8-A205-D8A76F334074}.Debug|Any CPU.ActiveCfg = Debug|Any CPU
		{95252A05-117F-45E8-A205-D8A76F334074}.Debug|Any CPU.Build.0 = Debug|Any CPU
		{95252A05-117F-45E8-A205-D8A76F334074}.Release|Any CPU.ActiveCfg = Release|Any CPU
		{95252A05-117F-45E8-A205-D8A76F334074}.Release|Any CPU.Build.0 = Release|Any CPU
		{B064C880-A181-43C0-A822-B6860150A243}.Debug|Any CPU.ActiveCfg = Debug|Any CPU
		{B064C880-A181-43C0-A822-B6860150A243}.Debug|Any CPU.Build.0 = Debug|Any CPU
		{B064C880-A181-43C0-A822-B6860150A243}.Release|Any CPU.ActiveCfg = Release|Any CPU
		{B064C880-A181-43C0-A822-B6860150A243}.Release|Any CPU.Build.0 = Release|Any CPU
		{AD31E431-3EFC-45E4-90C9-36CEF440EACE}.Debug|Any CPU.ActiveCfg = Debug|Any CPU
		{AD31E431-3EFC-45E4-90C9-36CEF440EACE}.Debug|Any CPU.Build.0 = Debug|Any CPU
		{AD31E431-3EFC-45E4-90C9-36CEF440EACE}.Release|Any CPU.ActiveCfg = Release|Any CPU
		{AD31E431-3EFC-45E4-90C9-36CEF440EACE}.Release|Any CPU.Build.0 = Release|Any CPU
		{4163700B-37BE-4639-A32D-609B3069BE82}.Debug|Any CPU.ActiveCfg = Debug|Any CPU
		{4163700B-37BE-4639-A32D-609B3069BE82}.Debug|Any CPU.Build.0 = Debug|Any CPU
		{4163700B-37BE-4639-A32D-609B3069BE82}.Release|Any CPU.ActiveCfg = Release|Any CPU
		{4163700B-37BE-4639-A32D-609B3069BE82}.Release|Any CPU.Build.0 = Release|Any CPU
		{84A509CE-E58F-498E-90C5-8ECB0284D3B0}.Debug|Any CPU.ActiveCfg = Debug|Any CPU
		{84A509CE-E58F-498E-90C5-8ECB0284D3B0}.Debug|Any CPU.Build.0 = Debug|Any CPU
		{84A509CE-E58F-498E-90C5-8ECB0284D3B0}.Release|Any CPU.ActiveCfg = Release|Any CPU
		{84A509CE-E58F-498E-90C5-8ECB0284D3B0}.Release|Any CPU.Build.0 = Release|Any CPU
		{DB6CA1A4-D57C-441E-B051-B0C7FA460105}.Debug|Any CPU.ActiveCfg = Debug|Any CPU
		{DB6CA1A4-D57C-441E-B051-B0C7FA460105}.Debug|Any CPU.Build.0 = Debug|Any CPU
		{DB6CA1A4-D57C-441E-B051-B0C7FA460105}.Release|Any CPU.ActiveCfg = Release|Any CPU
		{DB6CA1A4-D57C-441E-B051-B0C7FA460105}.Release|Any CPU.Build.0 = Release|Any CPU
		{57AED7A7-3026-4589-A9EB-4A460FEEE0E5}.Debug|Any CPU.ActiveCfg = Debug|Any CPU
		{57AED7A7-3026-4589-A9EB-4A460FEEE0E5}.Debug|Any CPU.Build.0 = Debug|Any CPU
		{57AED7A7-3026-4589-A9EB-4A460FEEE0E5}.Release|Any CPU.ActiveCfg = Release|Any CPU
		{57AED7A7-3026-4589-A9EB-4A460FEEE0E5}.Release|Any CPU.Build.0 = Release|Any CPU
		{3691C6E4-F1D1-4EFC-A9E1-12113F8FE876}.Debug|Any CPU.ActiveCfg = Debug|Any CPU
		{3691C6E4-F1D1-4EFC-A9E1-12113F8FE876}.Debug|Any CPU.Build.0 = Debug|Any CPU
		{3691C6E4-F1D1-4EFC-A9E1-12113F8FE876}.Release|Any CPU.ActiveCfg = Release|Any CPU
		{3691C6E4-F1D1-4EFC-A9E1-12113F8FE876}.Release|Any CPU.Build.0 = Release|Any CPU
		{762238BB-EFDB-43F4-8835-A22CE0653C85}.Debug|Any CPU.ActiveCfg = Debug|Any CPU
		{762238BB-EFDB-43F4-8835-A22CE0653C85}.Debug|Any CPU.Build.0 = Debug|Any CPU
		{762238BB-EFDB-43F4-8835-A22CE0653C85}.Release|Any CPU.ActiveCfg = Release|Any CPU
		{762238BB-EFDB-43F4-8835-A22CE0653C85}.Release|Any CPU.Build.0 = Release|Any CPU
		{7664F2CE-648B-4C32-9860-EB9825DA4804}.Debug|Any CPU.ActiveCfg = Debug|Any CPU
		{7664F2CE-648B-4C32-9860-EB9825DA4804}.Debug|Any CPU.Build.0 = Debug|Any CPU
		{7664F2CE-648B-4C32-9860-EB9825DA4804}.Release|Any CPU.ActiveCfg = Release|Any CPU
		{7664F2CE-648B-4C32-9860-EB9825DA4804}.Release|Any CPU.Build.0 = Release|Any CPU
		{8467484B-DC2B-4FEC-8AB6-10F0C418D1F2}.Debug|Any CPU.ActiveCfg = Debug|Any CPU
		{8467484B-DC2B-4FEC-8AB6-10F0C418D1F2}.Debug|Any CPU.Build.0 = Debug|Any CPU
		{8467484B-DC2B-4FEC-8AB6-10F0C418D1F2}.Release|Any CPU.ActiveCfg = Release|Any CPU
		{8467484B-DC2B-4FEC-8AB6-10F0C418D1F2}.Release|Any CPU.Build.0 = Release|Any CPU
		{7AFAD84C-ED4B-43D7-AC32-92859DBC576A}.Debug|Any CPU.ActiveCfg = Debug|Any CPU
		{7AFAD84C-ED4B-43D7-AC32-92859DBC576A}.Debug|Any CPU.Build.0 = Debug|Any CPU
		{7AFAD84C-ED4B-43D7-AC32-92859DBC576A}.Release|Any CPU.ActiveCfg = Release|Any CPU
		{7AFAD84C-ED4B-43D7-AC32-92859DBC576A}.Release|Any CPU.Build.0 = Release|Any CPU
		{0F49B386-DBC9-41F4-AEF7-1E312A3F4CFD}.Debug|Any CPU.ActiveCfg = Debug|Any CPU
		{0F49B386-DBC9-41F4-AEF7-1E312A3F4CFD}.Debug|Any CPU.Build.0 = Debug|Any CPU
		{0F49B386-DBC9-41F4-AEF7-1E312A3F4CFD}.Debug|Any CPU.Deploy.0 = Debug|Any CPU
		{0F49B386-DBC9-41F4-AEF7-1E312A3F4CFD}.Release|Any CPU.ActiveCfg = Release|Any CPU
		{0F49B386-DBC9-41F4-AEF7-1E312A3F4CFD}.Release|Any CPU.Build.0 = Release|Any CPU
		{0F49B386-DBC9-41F4-AEF7-1E312A3F4CFD}.Release|Any CPU.Deploy.0 = Release|Any CPU
		{3D5A462E-93B3-47A3-A524-48468A0A25DE}.Debug|Any CPU.ActiveCfg = Debug|Any CPU
		{3D5A462E-93B3-47A3-A524-48468A0A25DE}.Debug|Any CPU.Build.0 = Debug|Any CPU
		{3D5A462E-93B3-47A3-A524-48468A0A25DE}.Release|Any CPU.ActiveCfg = Release|Any CPU
		{3D5A462E-93B3-47A3-A524-48468A0A25DE}.Release|Any CPU.Build.0 = Release|Any CPU
	EndGlobalSection
	GlobalSection(SolutionProperties) = preSolution
		HideSolutionNode = FALSE
	EndGlobalSection
	GlobalSection(NestedProjects) = preSolution
		{CA05B654-5732-468A-B0D4-A5052C905D83} = {B5BDB38E-BEFD-4637-AE22-F72365DF0BAA}
		{D2AC1FA3-5626-4818-A7CB-1FDD619B8E85} = {CA05B654-5732-468A-B0D4-A5052C905D83}
		{84B3AACE-A4E1-4CAE-B4F3-8C1B52C84B6F} = {D2AC1FA3-5626-4818-A7CB-1FDD619B8E85}
		{388DF272-4364-4ECB-B2B8-423E0FCAFCBA} = {D2AC1FA3-5626-4818-A7CB-1FDD619B8E85}
		{5B37A57C-A6FD-48E9-93B3-5F546EB6B004} = {D2AC1FA3-5626-4818-A7CB-1FDD619B8E85}
		{3BB8D1EB-BB32-4F9B-BC10-82D7F2F1D26C} = {D2AC1FA3-5626-4818-A7CB-1FDD619B8E85}
		{895ABB47-FD3F-425C-90D7-85907DC9072A} = {B5BDB38E-BEFD-4637-AE22-F72365DF0BAA}
		{35986EA4-0855-4631-9D85-C393F84DFF97} = {895ABB47-FD3F-425C-90D7-85907DC9072A}
		{6144C0A8-A3BB-4C6C-A09F-45195952C60B} = {35986EA4-0855-4631-9D85-C393F84DFF97}
		{6E9FDDDE-25FF-48CB-B96F-9315008BC078} = {35986EA4-0855-4631-9D85-C393F84DFF97}
		{9DAC2F8B-DE1C-4783-8B33-CDF5156A7EC0} = {35986EA4-0855-4631-9D85-C393F84DFF97}
		{0087B321-3668-4081-A037-F5207E713BD3} = {35986EA4-0855-4631-9D85-C393F84DFF97}
		{95252A05-117F-45E8-A205-D8A76F334074} = {35986EA4-0855-4631-9D85-C393F84DFF97}
		{B064C880-A181-43C0-A822-B6860150A243} = {35986EA4-0855-4631-9D85-C393F84DFF97}
		{AD31E431-3EFC-45E4-90C9-36CEF440EACE} = {35986EA4-0855-4631-9D85-C393F84DFF97}
		{4163700B-37BE-4639-A32D-609B3069BE82} = {35986EA4-0855-4631-9D85-C393F84DFF97}
		{842C80FA-0E8D-4134-97B9-F3EB0630BAED} = {895ABB47-FD3F-425C-90D7-85907DC9072A}
		{84A509CE-E58F-498E-90C5-8ECB0284D3B0} = {842C80FA-0E8D-4134-97B9-F3EB0630BAED}
		{DB6CA1A4-D57C-441E-B051-B0C7FA460105} = {842C80FA-0E8D-4134-97B9-F3EB0630BAED}
		{57AED7A7-3026-4589-A9EB-4A460FEEE0E5} = {842C80FA-0E8D-4134-97B9-F3EB0630BAED}
		{3691C6E4-F1D1-4EFC-A9E1-12113F8FE876} = {842C80FA-0E8D-4134-97B9-F3EB0630BAED}
		{762238BB-EFDB-43F4-8835-A22CE0653C85} = {842C80FA-0E8D-4134-97B9-F3EB0630BAED}
		{7664F2CE-648B-4C32-9860-EB9825DA4804} = {842C80FA-0E8D-4134-97B9-F3EB0630BAED}
		{8467484B-DC2B-4FEC-8AB6-10F0C418D1F2} = {842C80FA-0E8D-4134-97B9-F3EB0630BAED}
		{7AFAD84C-ED4B-43D7-AC32-92859DBC576A} = {842C80FA-0E8D-4134-97B9-F3EB0630BAED}
		{79F79D9D-4FD2-408B-9A3A-0F96B5736F71} = {5AD77F9E-DC92-409E-BA3D-C351BCC200D1}
		{18160FCB-8DC6-4BE5-8513-6580FDEC58B7} = {79F79D9D-4FD2-408B-9A3A-0F96B5736F71}
		{0F49B386-DBC9-41F4-AEF7-1E312A3F4CFD} = {18160FCB-8DC6-4BE5-8513-6580FDEC58B7}
		{970FEF29-95AB-4D42-9BE5-718D6C644F5E} = {5B51AB97-AF36-4197-B135-F388EB5BFD3F}
		{F4554C8A-37D1-466B-B464-FC5496B5E517} = {970FEF29-95AB-4D42-9BE5-718D6C644F5E}
		{A827BD10-956E-4C58-B175-B32ED85774CE} = {F4554C8A-37D1-466B-B464-FC5496B5E517}
		{FE51B006-BD2D-4A10-B5D8-F5F07F42CE27} = {F4554C8A-37D1-466B-B464-FC5496B5E517}
	EndGlobalSection
	GlobalSection(ExtensibilityGlobals) = postSolution
		SolutionGuid = {6A4F79BA-1D89-4330-8078-EE5A5ED67BE1}
	EndGlobalSection
EndGlobal
